Mirror in progress since Wed, 06 Sep 2023 11:08:26 .. please wait!
httrack https://nongovernmentcybercrimeinvestigation.durable.co/?pt=NjRlYzNlMDdkYzg5MzFkNjY4NjliODYwOjE2OTMyMDQ4MDQuMTkzOnByZXZpZXc= 
To pause the engine: create an empty file named 'hts-stop.lock'
PID=17733
UID=1000
GID=1000
START=1693978706
